
Microsoft Visual Studio Solution File, Format Version 12.00
# Visual Studio Version 16
VisualStudioVersion = 16.0.29728.190
MinimumVisualStudioVersion = 10.0.40219.1
Project("{FAE04EC0-301F-11D3-BF4B-00C04F79EFBC}") = "cReg", "cReg\cReg.csproj", "{BA54A71B-5849-4CB5-ABE8-CB13D1E460D4}"
EndProject
Global
	GlobalSection(SolutionConfigurationPlatforms) = preSolution
		Debug|Any CPU = Debug|Any CPU
		Release|Any CPU = Release|Any CPU
	EndGlobalSection
	GlobalSection(ProjectConfigurationPlatforms) = postSolution
		{BA54A71B-5849-4CB5-ABE8-CB13D1E460D4}.Debug|Any CPU.ActiveCfg = Debug|Any CPU
		{BA54A71B-5849-4CB5-ABE8-CB13D1E460D4}.Debug|Any CPU.Build.0 = Debug|Any CPU
		{BA54A71B-5849-4CB5-ABE8-CB13D1E460D4}.Release|Any CPU.ActiveCfg = Release|Any CPU
		{BA54A71B-5849-4CB5-ABE8-CB13D1E460D4}.Release|Any CPU.Build.0 = Release|Any CPU
	EndGlobalSection
	GlobalSection(SolutionProperties) = preSolution
		HideSolutionNode = FALSE
	EndGlobalSection
	GlobalSection(ExtensibilityGlobals) = postSolution
		SolutionGuid = {EEEB0378-BA30-4396-B867-1DB7B20987BA}
	EndGlobalSection
EndGlobal
